{
    "_meta": {
        "hash": {
            "sha256": "07bc8852519108cdfa63f2e1df26ef727966cf3a3057712a9a4707fd47888484"
        },
        "pipfile-spec": 6,
        "requires": {},
        "sources": [
            {
                "name": "pypi",
                "url": "https://pypi.org/simple",
                "verify_ssl": true
            }
        ]
    },
    "default": {
        "aenum": {
            "hashes": [
                "sha256:3df9b84cce5dc9ed77c337079f97b66c44c0053eb87d6f4d46b888dc45801e38",
                "sha256:7a77c205c4bc9d7fe9bd73b3193002d724aebf5909fa0d297534208953891ec8",
                "sha256:a3208e4b28db3a7b232ff69b934aef2ea1bf27286d9978e1e597d46f490e4687"
            ],
            "index": "pypi",
            "version": "==2.1.2"
        },
        "doxygen-interface": {
            "hashes": [
                "sha256:4b4b8e9d9d9043ce65dcfae083f33b1bd40e4b0db01cfcd664cf4eb2adaa4fad"
            ],
            "index": "pypi",
            "version": "==0.0.1"
        },
        "hostmydocs-client": {
            "hashes": [
                "sha256:c56c9b825a5eb00e2f55ce2e34cad7f2ee59b92b142023bddac63ae04a47e99c"
            ],
            "index": "pypi",
            "version": "==1.0.1"
        }
    },
    "develop": {}
}
